
Microsoft Visual Studio Solution File, Format Version 12.00
# Visual Studio Version 16
VisualStudioVersion = 25.0.1706.14
MinimumVisualStudioVersion = 10.0.40219.1
Project("{FAE04EC0-301F-11D3-BF4B-00C04F79EFBC}") = "BlazerCRUDFrontend", "BlazerCRUDFrontend\BlazerCRUDFrontend.csproj", "{DA2D7CE1-2F4E-4894-9344-63740DA61289}"
EndProject
Global
	GlobalSection(SolutionConfigurationPlatforms) = preSolution
		Debug|Any CPU = Debug|Any CPU
		Release|Any CPU = Release|Any CPU
	EndGlobalSection
	GlobalSection(ProjectConfigurationPlatforms) = postSolution
		{DA2D7CE1-2F4E-4894-9344-63740DA61289}.Debug|Any CPU.ActiveCfg = Debug|Any CPU
		{DA2D7CE1-2F4E-4894-9344-63740DA61289}.Debug|Any CPU.Build.0 = Debug|Any CPU
		{DA2D7CE1-2F4E-4894-9344-63740DA61289}.Release|Any CPU.ActiveCfg = Release|Any CPU
		{DA2D7CE1-2F4E-4894-9344-63740DA61289}.Release|Any CPU.Build.0 = Release|Any CPU
	EndGlobalSection
	GlobalSection(SolutionProperties) = preSolution
		HideSolutionNode = FALSE
	EndGlobalSection
	GlobalSection(ExtensibilityGlobals) = postSolution
		SolutionGuid = {E8A784C5-8AFD-4954-9822-9FFC104BCC41}
	EndGlobalSection
EndGlobal
